
Microsoft Visual Studio Solution File, Format Version 12.00
# Visual Studio 15
Project("{FAE04EC0-301F-11D3-BF4B-00C04F79EFBC}") = "UnityEngine.TestRunner", "UnityEngine.TestRunner.csproj", "{255E56C6-9C80-0550-6B08-514348957DE6}"
EndProject
Project("{FAE04EC0-301F-11D3-BF4B-00C04F79EFBC}") = "UnityEngine.UI", "UnityEngine.UI.csproj", "{6A06297A-51C8-6DAB-5E53-7BA898150258}"
EndProject
Project("{FAE04EC0-301F-11D3-BF4B-00C04F79EFBC}") = "Unity.TextMeshPro", "Unity.TextMeshPro.csproj", "{D81303B5-7670-79FF-2561-04EAB31DD7B3}"
EndProject
Project("{FAE04EC0-301F-11D3-BF4B-00C04F79EFBC}") = "Unity.Timeline", "Unity.Timeline.csproj", "{E840EC0F-0F60-277C-095C-9D37DA5C77B5}"
EndProject
Project("{FAE04EC0-301F-11D3-BF4B-00C04F79EFBC}") = "Assembly-CSharp", "Assembly-CSharp.csproj", "{D218BA98-0233-6655-0D0E-BEBBB2DB30EE}"
EndProject
Project("{FAE04EC0-301F-11D3-BF4B-00C04F79EFBC}") = "Unity.TextMeshPro.Editor", "Unity.TextMeshPro.Editor.csproj", "{C56F13C0-D654-9370-FDA8-7B23DD9D2A79}"
EndProject
Project("{FAE04EC0-301F-11D3-BF4B-00C04F79EFBC}") = "Unity.Timeline.Editor", "Unity.Timeline.Editor.csproj", "{938D90E6-E923-587D-7ED2-CF582C7234D6}"
EndProject
Project("{FAE04EC0-301F-11D3-BF4B-00C04F79EFBC}") = "UnityEditor.TestRunner", "UnityEditor.TestRunner.csproj", "{8574143A-17BE-AF45-4860-091393F175D6}"
EndProject
Project("{FAE04EC0-301F-11D3-BF4B-00C04F79EFBC}") = "UnityEditor.UI", "UnityEditor.UI.csproj", "{31D609CA-A064-F225-5919-41AFCA08EFA1}"
EndProject
Project("{FAE04EC0-301F-11D3-BF4B-00C04F79EFBC}") = "Unity.Rider.Editor", "Unity.Rider.Editor.csproj", "{1874D1AB-4BE6-4E04-5BF6-40E7904F0EED}"
EndProject
Project("{FAE04EC0-301F-11D3-BF4B-00C04F79EFBC}") = "Unity.CollabProxy.Editor", "Unity.CollabProxy.Editor.csproj", "{54F71706-A418-2525-8B5C-590924C1C8B4}"
EndProject
Project("{FAE04EC0-301F-11D3-BF4B-00C04F79EFBC}") = "Unity.VSCode.Editor", "Unity.VSCode.Editor.csproj", "{9E6DBA3E-4D83-30D9-BD27-D4458448B501}"
EndProject
Project("{FAE04EC0-301F-11D3-BF4B-00C04F79EFBC}") = "Unity.UI.Builder.Editor", "Unity.UI.Builder.Editor.csproj", "{93E8C166-C445-BF6F-C485-2FC52162F2CB}"
EndProject
Global
	GlobalSection(SolutionConfigurationPlatforms) = preSolution
		Debug|Any CPU = Debug|Any CPU
		Release|Any CPU = Release|Any CPU
	EndGlobalSection
	GlobalSection(ProjectConfigurationPlatforms) = postSolution
		{255E56C6-9C80-0550-6B08-514348957DE6}.Debug|Any CPU.ActiveCfg = Debug|Any CPU
		{255E56C6-9C80-0550-6B08-514348957DE6}.Debug|Any CPU.Build.0 = Debug|Any CPU
		{255E56C6-9C80-0550-6B08-514348957DE6}.Release|Any CPU.ActiveCfg = Release|Any CPU
		{255E56C6-9C80-0550-6B08-514348957DE6}.Release|Any CPU.Build.0 = Release|Any CPU
		{6A06297A-51C8-6DAB-5E53-7BA898150258}.Debug|Any CPU.ActiveCfg = Debug|Any CPU
		{6A06297A-51C8-6DAB-5E53-7BA898150258}.Debug|Any CPU.Build.0 = Debug|Any CPU
		{6A06297A-51C8-6DAB-5E53-7BA898150258}.Release|Any CPU.ActiveCfg = Release|Any CPU
		{6A06297A-51C8-6DAB-5E53-7BA898150258}.Release|Any CPU.Build.0 = Release|Any CPU
		{D81303B5-7670-79FF-2561-04EAB31DD7B3}.Debug|Any CPU.ActiveCfg = Debug|Any CPU
		{D81303B5-7670-79FF-2561-04EAB31DD7B3}.Debug|Any CPU.Build.0 = Debug|Any CPU
		{D81303B5-7670-79FF-2561-04EAB31DD7B3}.Release|Any CPU.ActiveCfg = Release|Any CPU
		{D81303B5-7670-79FF-2561-04EAB31DD7B3}.Release|Any CPU.Build.0 = Release|Any CPU
		{E840EC0F-0F60-277C-095C-9D37DA5C77B5}.Debug|Any CPU.ActiveCfg = Debug|Any CPU
		{E840EC0F-0F60-277C-095C-9D37DA5C77B5}.Debug|Any CPU.Build.0 = Debug|Any CPU
		{E840EC0F-0F60-277C-095C-9D37DA5C77B5}.Release|Any CPU.ActiveCfg = Release|Any CPU
		{E840EC0F-0F60-277C-095C-9D37DA5C77B5}.Release|Any CPU.Build.0 = Release|Any CPU
		{D218BA98-0233-6655-0D0E-BEBBB2DB30EE}.Debug|Any CPU.ActiveCfg = Debug|Any CPU
		{D218BA98-0233-6655-0D0E-BEBBB2DB30EE}.Debug|Any CPU.Build.0 = Debug|Any CPU
		{D218BA98-0233-6655-0D0E-BEBBB2DB30EE}.Release|Any CPU.ActiveCfg = Release|Any CPU
		{D218BA98-0233-6655-0D0E-BEBBB2DB30EE}.Release|Any CPU.Build.0 = Release|Any CPU
		{C56F13C0-D654-9370-FDA8-7B23DD9D2A79}.Debug|Any CPU.ActiveCfg = Debug|Any CPU
		{C56F13C0-D654-9370-FDA8-7B23DD9D2A79}.Debug|Any CPU.Build.0 = Debug|Any CPU
		{C56F13C0-D654-9370-FDA8-7B23DD9D2A79}.Release|Any CPU.ActiveCfg = Release|Any CPU
		{C56F13C0-D654-9370-FDA8-7B23DD9D2A79}.Release|Any CPU.Build.0 = Release|Any CPU
		{938D90E6-E923-587D-7ED2-CF582C7234D6}.Debug|Any CPU.ActiveCfg = Debug|Any CPU
		{938D90E6-E923-587D-7ED2-CF582C7234D6}.Debug|Any CPU.Build.0 = Debug|Any CPU
		{938D90E6-E923-587D-7ED2-CF582C7234D6}.Release|Any CPU.ActiveCfg = Release|Any CPU
		{938D90E6-E923-587D-7ED2-CF582C7234D6}.Release|Any CPU.Build.0 = Release|Any CPU
		{8574143A-17BE-AF45-4860-091393F175D6}.Debug|Any CPU.ActiveCfg = Debug|Any CPU
		{8574143A-17BE-AF45-4860-091393F175D6}.Debug|Any CPU.Build.0 = Debug|Any CPU
		{8574143A-17BE-AF45-4860-091393F175D6}.Release|Any CPU.ActiveCfg = Release|Any CPU
		{8574143A-17BE-AF45-4860-091393F175D6}.Release|Any CPU.Build.0 = Release|Any CPU
		{31D609CA-A064-F225-5919-41AFCA08EFA1}.Debug|Any CPU.ActiveCfg = Debug|Any CPU
		{31D609CA-A064-F225-5919-41AFCA08EFA1}.Debug|Any CPU.Build.0 = Debug|Any CPU
		{31D609CA-A064-F225-5919-41AFCA08EFA1}.Release|Any CPU.ActiveCfg = Release|Any CPU
		{31D609CA-A064-F225-5919-41AFCA08EFA1}.Release|Any CPU.Build.0 = Release|Any CPU
		{1874D1AB-4BE6-4E04-5BF6-40E7904F0EED}.Debug|Any CPU.ActiveCfg = Debug|Any CPU
		{1874D1AB-4BE6-4E04-5BF6-40E7904F0EED}.Debug|Any CPU.Build.0 = Debug|Any CPU
		{1874D1AB-4BE6-4E04-5BF6-40E7904F0EED}.Release|Any CPU.ActiveCfg = Release|Any CPU
		{1874D1AB-4BE6-4E04-5BF6-40E7904F0EED}.Release|Any CPU.Build.0 = Release|Any CPU
		{54F71706-A418-2525-8B5C-590924C1C8B4}.Debug|Any CPU.ActiveCfg = Debug|Any CPU
		{54F71706-A418-2525-8B5C-590924C1C8B4}.Debug|Any CPU.Build.0 = Debug|Any CPU
		{54F71706-A418-2525-8B5C-590924C1C8B4}.Release|Any CPU.ActiveCfg = Release|Any CPU
		{54F71706-A418-2525-8B5C-590924C1C8B4}.Release|Any CPU.Build.0 = Release|Any CPU
		{9E6DBA3E-4D83-30D9-BD27-D4458448B501}.Debug|Any CPU.ActiveCfg = Debug|Any CPU
		{9E6DBA3E-4D83-30D9-BD27-D4458448B501}.Debug|Any CPU.Build.0 = Debug|Any CPU
		{9E6DBA3E-4D83-30D9-BD27-D4458448B501}.Release|Any CPU.ActiveCfg = Release|Any CPU
		{9E6DBA3E-4D83-30D9-BD27-D4458448B501}.Release|Any CPU.Build.0 = Release|Any CPU
		{93E8C166-C445-BF6F-C485-2FC52162F2CB}.Debug|Any CPU.ActiveCfg = Debug|Any CPU
		{93E8C166-C445-BF6F-C485-2FC52162F2CB}.Debug|Any CPU.Build.0 = Debug|Any CPU
		{93E8C166-C445-BF6F-C485-2FC52162F2CB}.Release|Any CPU.ActiveCfg = Release|Any CPU
		{93E8C166-C445-BF6F-C485-2FC52162F2CB}.Release|Any CPU.Build.0 = Release|Any CPU
	EndGlobalSection
	GlobalSection(SolutionProperties) = preSolution
		HideSolutionNode = FALSE
	EndGlobalSection
EndGlobal
